// !$*UTF8*$!
{
	archiveVersion = 1;
	classes = {
	};
	objectVersion = 50;
	objects = {

/* Begin PBXBuildFile section */
		193393E3246DB254009F3BB4 /* AppDelegate.swift in Sources */ = {isa = PBXBuildFile; fileRef = 193393E2246DB254009F3BB4 /* AppDelegate.swift */; };
		193393E5246DB254009F3BB4 /* SceneDelegate.swift in Sources */ = {isa = PBXBuildFile; fileRef = 193393E4246DB254009F3BB4 /* SceneDelegate.swift */; };
		193393E7246DB254009F3BB4 /* ViewController.swift in Sources */ = {isa = PBXBuildFile; fileRef = 193393E6246DB254009F3BB4 /* ViewController.swift */; };
		193393EA246DB254009F3BB4 /* Main.storyboard in Resources */ = {isa = PBXBuildFile; fileRef = 193393E8246DB254009F3BB4 /* Main.storyboard */; };
		193393ED246DB254009F3BB4 /* CircleViewTransitionApp.xcdatamodeld in Sources */ = {isa = PBXBuildFile; fileRef = 193393EB246DB254009F3BB4 /* CircleViewTransitionApp.xcdatamodeld */; };
		193393EF246DB25A009F3BB4 /* Assets.xcassets in Resources */ = {isa = PBXBuildFile; fileRef = 193393EE246DB25A009F3BB4 /* Assets.xcassets */; };
		193393F2246DB25A009F3BB4 /* LaunchScreen.storyboard in Resources */ = {isa = PBXBuildFile; fileRef = 193393F0246DB25A009F3BB4 /* LaunchScreen.storyboard */; };
		193393FA246DB284009F3BB4 /* TransitionView.swift in Sources */ = {isa = PBXBuildFile; fileRef = 193393F9246DB284009F3BB4 /* TransitionView.swift */; };
/* End PBXBuildFile section */

/* Begin PBXFileReference section */
		193393DF246DB254009F3BB4 /* CircleViewTransitionApp.app */ = {isa = PBXFileReference; explicitFileType = wrapper.application; includeInIndex = 0; path = CircleViewTransitionApp.app; sourceTree = BUILT_PRODUCTS_DIR; };
		193393E2246DB254009F3BB4 /* AppDelegate.swift */ = {isa = PBXFileReference; lastKnownFileType = sourcecode.swift; path = AppDelegate.swift; sourceTree = "<group>"; };
		193393E4246DB254009F3BB4 /* SceneDelegate.swift */ = {isa = PBXFileReference; lastKnownFileType = sourcecode.swift; path = SceneDelegate.swift; sourceTree = "<group>"; };
		193393E6246DB254009F3BB4 /* ViewController.swift */ = {isa = PBXFileReference; lastKnownFileType = sourcecode.swift; path = ViewController.swift; sourceTree = "<group>"; };
		193393E9246DB254009F3BB4 /* Base */ = {isa = PBXFileReference; lastKnownFileType = file.storyboard; name = Base; path = Base.lproj/Main.storyboard; sourceTree = "<group>"; };
		193393EC246DB254009F3BB4 /* CircleViewTransitionApp.xcdatamodel */ = {isa = PBXFileReference; lastKnownFileType = wrapper.xcdatamodel; path = CircleViewTransitionApp.xcdatamodel; sourceTree = "<group>"; };
		193393EE246DB25A009F3BB4 /* Assets.xcassets */ = {isa = PBXFileReference; lastKnownFileType = folder.assetcatalog; path = Assets.xcassets; sourceTree = "<group>"; };
		193393F1246DB25A009F3BB4 /* Base */ = {isa = PBXFileReference; lastKnownFileType = file.storyboard; name = Base; path = Base.lproj/LaunchScreen.storyboard; sourceTree = "<group>"; };
		193393F3246DB25A009F3BB4 /* Info.plist */ = {isa = PBXFileReference; lastKnownFileType = text.plist.xml; path = Info.plist; sourceTree = "<group>"; };
		193393F9246DB284009F3BB4 /* TransitionView.swift */ = {isa = PBXFileReference; lastKnownFileType = sourcecode.swift; path = TransitionView.swift; sourceTree = "<group>"; };
/* End PBXFileReference section */

/* Begin PBXFrameworksBuildPhase section */
		193393DC246DB254009F3BB4 /* Frameworks */ = {
			isa = PBXFrameworksBuildPhase;
			buildActionMask = 2147483647;
			files = (
			);
			runOnlyForDeploymentPostprocessing = 0;
		};
/* End PBXFrameworksBuildPhase section */

/* Begin PBXGroup section */
		193393D6246DB254009F3BB4 = {
			isa = PBXGroup;
			children = (
				193393E1246DB254009F3BB4 /* CircleViewTransitionApp */,
				193393E0246DB254009F3BB4 /* Products */,
			);
			sourceTree = "<group>";
		};
		193393E0246DB254009F3BB4 /* Products */ = {
			isa = PBXGroup;
			children = (
				193393DF246DB254009F3BB4 /* CircleViewTransitionApp.app */,
			);
			name = Products;
			sourceTree = "<group>";
		};
		193393E1246DB254009F3BB4 /* CircleViewTransitionApp */ = {
			isa = PBXGroup;
			children = (
				193393E2246DB254009F3BB4 /* AppDelegate.swift */,
				193393E4246DB254009F3BB4 /* SceneDelegate.swift */,
				193393E6246DB254009F3BB4 /* ViewController.swift */,
				193393E8246DB254009F3BB4 /* Main.storyboard */,
				193393EE246DB25A009F3BB4 /* Assets.xcassets */,
				193393F0246DB25A009F3BB4 /* LaunchScreen.storyboard */,
				193393F3246DB25A009F3BB4 /* Info.plist */,
				193393EB246DB254009F3BB4 /* CircleViewTransitionApp.xcdatamodeld */,
				193393F9246DB284009F3BB4 /* TransitionView.swift */,
			);
			path = CircleViewTransitionApp;
			sourceTree = "<group>";
		};
/* End PBXGroup section */

/* Begin PBXNativeTarget section */
		193393DE246DB254009F3BB4 /* CircleViewTransitionApp */ = {
			isa = PBXNativeTarget;
			buildConfigurationList = 193393F6246DB25A009F3BB4 /* Build configuration list for PBXNativeTarget "CircleViewTransitionApp" */;
			buildPhases = (
				193393DB246DB254009F3BB4 /* Sources */,
				193393DC246DB254009F3BB4 /* Frameworks */,
				193393DD246DB254009F3BB4 /* Resources */,
			);
			buildRules = (
			);
			dependencies = (
			);
			name = CircleViewTransitionApp;
			productName = CircleViewTransitionApp;
			productReference = 193393DF246DB254009F3BB4 /* CircleViewTransitionApp.app */;
			productType = "com.apple.product-type.application";
		};
/* End PBXNativeTarget section */

/* Begin PBXProject section */
		193393D7246DB254009F3BB4 /* Project object */ = {
			isa = PBXProject;
			attributes = {
				LastSwiftUpdateCheck = 1140;
				LastUpgradeCheck = 1140;
				ORGANIZATIONNAME = "Hassan Abbasi";
				TargetAttributes = {
					193393DE246DB254009F3BB4 = {
						CreatedOnToolsVersion = 11.4.1;
					};
				};
			};
			buildConfigurationList = 193393DA246DB254009F3BB4 /* Build configuration list for PBXProject "CircleViewTransitionApp" */;
			compatibilityVersion = "Xcode 9.3";
			developmentRegion = en;
			hasScannedForEncodings = 0;
			knownRegions = (
				en,
				Base,
			);
			mainGroup = 193393D6246DB254009F3BB4;
			productRefGroup = 193393E0246DB254009F3BB4 /* Products */;
			projectDirPath = "";
			projectRoot = "";
			targets = (
				193393DE246DB254009F3BB4 /* CircleViewTransitionApp */,
			);
		};
/* End PBXProject section */

/* Begin PBXResourcesBuildPhase section */
		193393DD246DB254009F3BB4 /* Resources */ = {
			isa = PBXResourcesBuildPhase;
			buildActionMask = 2147483647;
			files = (
				193393F2246DB25A009F3BB4 /* LaunchScreen.storyboard in Resources */,
				193393EF246DB25A009F3BB4 /* Assets.xcassets in Resources */,
				193393EA246DB254009F3BB4 /* Main.storyboard in Resources */,
			);
			runOnlyForDeploymentPostprocessing = 0;
		};
/* End PBXResourcesBuildPhase section */

/* Begin PBXSourcesBuildPhase section */
		193393DB246DB254009F3BB4 /* Sources */ = {
			isa = PBXSourcesBuildPhase;
			buildActionMask = 2147483647;
			files = (
				193393E7246DB254009F3BB4 /* ViewController.swift in Sources */,
				193393ED246DB254009F3BB4 /* CircleViewTransitionApp.xcdatamodeld in Sources */,
				193393E3246DB254009F3BB4 /* AppDelegate.swift in Sources */,
				193393FA246DB284009F3BB4 /* TransitionView.swift in Sources */,
				193393E5246DB254009F3BB4 /* SceneDelegate.swift in Sources */,
			);
			runOnlyForDeploymentPostprocessing = 0;
		};
/* End PBXSourcesBuildPhase section */

/* Begin PBXVariantGroup section */
		193393E8246DB254009F3BB4 /* Main.storyboard */ = {
			isa = PBXVariantGroup;
			children = (
				193393E9246DB254009F3BB4 /* Base */,
			);
			name = Main.storyboard;
			sourceTree = "<group>";
		};
		193393F0246DB25A009F3BB4 /* LaunchScreen.storyboard */ = {
			isa = PBXVariantGroup;
			children = (
				193393F1246DB25A009F3BB4 /* Base */,
			);
			name = LaunchScreen.storyboard;
			sourceTree = "<group>";
		};
/* End PBXVariantGroup section */

/* Begin XCBuildConfiguration section */
		193393F4246DB25A009F3BB4 /* Debug */ = {
			isa = XCBuildConfiguration;
			buildSettings = {
				ALWAYS_SEARCH_USER_PATHS = NO;
				CLANG_ANALYZER_NONNULL = YES;
				CLANG_ANALYZER_NUMBER_OBJECT_CONVERSION = YES_AGGRESSIVE;
				CLANG_CXX_LANGUAGE_STANDARD = "gnu++14";
				CLANG_CXX_LIBRARY = "libc++";
				CLANG_ENABLE_MODULES = YES;
				CLANG_ENABLE_OBJC_ARC = YES;
				CLANG_ENABLE_OBJC_WEAK = YES;
				CLANG_WARN_BLOCK_CAPTURE_AUTORELEASING = YES;
				CLANG_WARN_BOOL_CONVERSION = YES;
				CLANG_WARN_COMMA = YES;
				CLANG_WARN_CONSTANT_CONVERSION = YES;
				CLANG_WARN_DEPRECATED_OBJC_IMPLEMENTATIONS = YES;
				CLANG_WARN_DIRECT_OBJC_ISA_USAGE = YES_ERROR;
				CLANG_WARN_DOCUMENTATION_COMMENTS = YES;
				CLANG_WARN_EMPTY_BODY = YES;
				CLANG_WARN_ENUM_CONVERSION = YES;
				CLANG_WARN_INFINITE_RECURSION = YES;
				CLANG_WARN_INT_CONVERSION = YES;
				CLANG_WARN_NON_LITERAL_NULL_CONVERSION = YES;
				CLANG_WARN_OBJC_IMPLICIT_RETAIN_SELF = YES;
				CLANG_WARN_OBJC_LITERAL_CONVERSION = YES;
				CLANG_WARN_OBJC_ROOT_CLASS = YES_ERROR;
				CLANG_WARN_RANGE_LOOP_ANALYSIS = YES;
				CLANG_WARN_STRICT_PROTOTYPES = YES;
				CLANG_WARN_SUSPICIOUS_MOVE = YES;
				CLANG_WARN_UNGUARDED_AVAILABILITY = YES_AGGRESSIVE;
				CLANG_WARN_UNREACHABLE_CODE = YES;
				CLANG_WARN__DUPLICATE_METHOD_MATCH = YES;
				COPY_PHASE_STRIP = NO;
				DEBUG_INFORMATION_FORMAT = dwarf;
				ENABLE_STRICT_OBJC_MSGSEND = YES;
				ENABLE_TESTABILITY = YES;
				GCC_C_LANGUAGE_STANDARD = gnu11;
				GCC_DYNAMIC_NO_PIC = NO;
				GCC_NO_COMMON_BLOCKS = YES;
				GCC_OPTIMIZATION_LEVEL = 0;
				GCC_PREPROCESSOR_DEFINITIONS = (
					"DEBUG=1",
					"$(inherited)",
				);
				GCC_WARN_64_TO_32_BIT_CONVERSION = YES;
				GCC_WARN_ABOUT_RETURN_TYPE = YES_ERROR;
				GCC_WARN_UNDECLARED_SELECTOR = YES;
				GCC_WARN_UNINITIALIZED_AUTOS = YES_AGGRESSIVE;
				GCC_WARN_UNUSED_FUNCTION = YES;
				GCC_WARN_UNUSED_VARIABLE = YES;
				IPHONEOS_DEPLOYMENT_TARGET = 13.4;
				MTL_ENABLE_DEBUG_INFO = INCLUDE_SOURCE;
				MTL_FAST_MATH = YES;
				ONLY_ACTIVE_ARCH = YES;
				SDKROOT = iphoneos;
				SWIFT_ACTIVE_COMPILATION_CONDITIONS = DEBUG;
				SWIFT_OPTIMIZATION_LEVEL = "-Onone";
			};
			name = Debug;
		};
		193393F5246DB25A009F3BB4 /* Release */ = {
			isa = XCBuildConfiguration;
			buildSettings = {
				ALWAYS_SEARCH_USER_PATHS = NO;
				CLANG_ANALYZER_NONNULL = YES;
				CLANG_ANALYZER_NUMBER_OBJECT_CONVERSION = YES_AGGRESSIVE;
				CLANG_CXX_LANGUAGE_STANDARD = "gnu++14";
				CLANG_CXX_LIBRARY = "libc++";
				CLANG_ENABLE_MODULES = YES;
				CLANG_ENABLE_OBJC_ARC = YES;
				CLANG_ENABLE_OBJC_WEAK = YES;
				CLANG_WARN_BLOCK_CAPTURE_AUTORELEASING = YES;
				CLANG_WARN_BOOL_CONVERSION = YES;
				CLANG_WARN_COMMA = YES;
				CLANG_WARN_CONSTANT_CONVERSION = YES;
				CLANG_WARN_DEPRECATED_OBJC_IMPLEMENTATIONS = YES;
				CLANG_WARN_DIRECT_OBJC_ISA_USAGE = YES_ERROR;
				CLANG_WARN_DOCUMENTATION_COMMENTS = YES;
				CLANG_WARN_EMPTY_BODY = YES;
				CLANG_WARN_ENUM_CONVERSION = YES;
				CLANG_WARN_INFINITE_RECURSION = YES;
				CLANG_WARN_INT_CONVERSION = YES;
				CLANG_WARN_NON_LITERAL_NULL_CONVERSION = YES;
				CLANG_WARN_OBJC_IMPLICIT_RETAIN_SELF = YES;
				CLANG_WARN_OBJC_LITERAL_CONVERSION = YES;
				CLANG_WARN_OBJC_ROOT_CLASS = YES_ERROR;
				CLANG_WARN_RANGE_LOOP_ANALYSIS = YES;
				CLANG_WARN_STRICT_PROTOTYPES = YES;
				CLANG_WARN_SUSPICIOUS_MOVE = YES;
				CLANG_WARN_UNGUARDED_AVAILABILITY = YES_AGGRESSIVE;
				CLANG_WARN_UNREACHABLE_CODE = YES;
				CLANG_WARN__DUPLICATE_METHOD_MATCH = YES;
				COPY_PHASE_STRIP = NO;
				DEBUG_INFORMATION_FORMAT = "dwarf-with-dsym";
				ENABLE_NS_ASSERTIONS = NO;
				ENABLE_STRICT_OBJC_MSGSEND = YES;
				GCC_C_LANGUAGE_STANDARD = gnu11;
				GCC_NO_COMMON_BLOCKS = YES;
				GCC_WARN_64_TO_32_BIT_CONVERSION = YES;
				GCC_WARN_ABOUT_RETURN_TYPE = YES_ERROR;
				GCC_WARN_UNDECLARED_SELECTOR = YES;
				GCC_WARN_UNINITIALIZED_AUTOS = YES_AGGRESSIVE;
				GCC_WARN_UNUSED_FUNCTION = YES;
				GCC_WARN_UNUSED_VARIABLE = YES;
				IPHONEOS_DEPLOYMENT_TARGET = 13.4;
				MTL_ENABLE_DEBUG_INFO = NO;
				MTL_FAST_MATH = YES;
				SDKROOT = iphoneos;
				SWIFT_COMPILATION_MODE = wholemodule;
				SWIFT_OPTIMIZATION_LEVEL = "-O";
				VALIDATE_PRODUCT = YES;
			};
			name = Release;
		};
		193393F7246DB25A009F3BB4 /* Debug */ = {
			isa = XCBuildConfiguration;
			buildSettings = {
				ASSETCATALOG_COMPILER_APPICON_NAME = AppIcon;
				CODE_SIGN_STYLE = Automatic;
				DEVELOPMENT_TEAM = 8U8ABLMRK4;
				INFOPLIST_FILE = CircleViewTransitionApp/Info.plist;
				IPHONEOS_DEPLOYMENT_TARGET = 13.0;
				LD_RUNPATH_SEARCH_PATHS = (
					"$(inherited)",
					"@executable_path/Frameworks",
				);
				PRODUCT_BUNDLE_IDENTIFIER = com.roveapps.CircleViewTransitionApp;
				PRODUCT_NAME = "$(TARGET_NAME)";
				SWIFT_VERSION = 5.0;
				TARGETED_DEVICE_FAMILY = "1,2";
			};
			name = Debug;
		};
		193393F8246DB25A009F3BB4 /* Release */ = {
			isa = XCBuildConfiguration;
			buildSettings = {
				ASSETCATALOG_COMPILER_APPICON_NAME = AppIcon;
				CODE_SIGN_STYLE = Automatic;
				DEVELOPMENT_TEAM = 8U8ABLMRK4;
				INFOPLIST_FILE = CircleViewTransitionApp/Info.plist;
				IPHONEOS_DEPLOYMENT_TARGET = 13.0;
				LD_RUNPATH_SEARCH_PATHS = (
					"$(inherited)",
					"@executable_path/Frameworks",
				);
				PRODUCT_BUNDLE_IDENTIFIER = com.roveapps.CircleViewTransitionApp;
				PRODUCT_NAME = "$(TARGET_NAME)";
				SWIFT_VERSION = 5.0;
				TARGETED_DEVICE_FAMILY = "1,2";
			};
			name = Release;
		};
/* End XCBuildConfiguration section */

/* Begin XCConfigurationList section */
		193393DA246DB254009F3BB4 /* Build configuration list for PBXProject "CircleViewTransitionApp" */ = {
			isa = XCConfigurationList;
			buildConfigurations = (
				193393F4246DB25A009F3BB4 /* Debug */,
				193393F5246DB25A009F3BB4 /* Release */,
			);
			defaultConfigurationIsVisible = 0;
			defaultConfigurationName = Release;
		};
		193393F6246DB25A009F3BB4 /* Build configuration list for PBXNativeTarget "CircleViewTransitionApp" */ = {
			isa = XCConfigurationList;
			buildConfigurations = (
				193393F7246DB25A009F3BB4 /* Debug */,
				193393F8246DB25A009F3BB4 /* Release */,
			);
			defaultConfigurationIsVisible = 0;
			defaultConfigurationName = Release;
		};
/* End XCConfigurationList section */

/* Begin XCVersionGroup section */
		193393EB246DB254009F3BB4 /* CircleViewTransitionApp.xcdatamodeld */ = {
			isa = XCVersionGroup;
			children = (
				193393EC246DB254009F3BB4 /* CircleViewTransitionApp.xcdatamodel */,
			);
			currentVersion = 193393EC246DB254009F3BB4 /* CircleViewTransitionApp.xcdatamodel */;
			path = CircleViewTransitionApp.xcdatamodeld;
			sourceTree = "<group>";
			versionGroupType = wrapper.xcdatamodel;
		};
/* End XCVersionGroup section */
	};
	rootObject = 193393D7246DB254009F3BB4 /* Project object */;
}
